
Microsoft Visual Studio Solution File, Format Version 12.00
# Visual Studio Version 16
VisualStudioVersion = 16.0.28721.148
MinimumVisualStudioVersion = 10.0.40219.1
Project("{FAE04EC0-301F-11D3-BF4B-00C04F79EFBC}") = "Augmentrex", "Augmentrex\Augmentrex.csproj", "{6E5B1E1C-5C31-444F-906D-C1C04DB0CB5F}"
EndProject
Project("{2150E333-8FDC-42A3-9474-1A3956D46DE8}") = "Solution Items", "Solution Items", "{C02001A0-750D-4A8B-89A2-8765A3FCE7A6}"
	ProjectSection(SolutionItems) = preProject
		.editorconfig = .editorconfig
		.gitattributes = .gitattributes
		.gitignore = .gitignore
		.markdownlint.json = .markdownlint.json
		appveyor.yml = appveyor.yml
		LICENSE.md = LICENSE.md
		README.md = README.md
	EndProjectSection
EndProject
Project("{2150E333-8FDC-42A3-9474-1A3956D46DE8}") = ".github", ".github", "{047B8436-9292-466C-B8C3-A5B133A58A51}"
	ProjectSection(SolutionItems) = preProject
		.github\CODEOWNERS = .github\CODEOWNERS
		.github\CONTRIBUTING.md = .github\CONTRIBUTING.md
	EndProjectSection
EndProject
Project("{FAE04EC0-301F-11D3-BF4B-00C04F79EFBC}") = "Augmentrex.Commands.PatchCCAgent", "Augmentrex.Commands.PatchCCAgent\Augmentrex.Commands.PatchCCAgent.csproj", "{0AC3B157-4389-4FDB-8778-F87E48C1C663}"
EndProject
Project("{FAE04EC0-301F-11D3-BF4B-00C04F79EFBC}") = "Augmentrex.Commands.PatchLongRayVM", "Augmentrex.Commands.PatchLongRayVM\Augmentrex.Commands.PatchLongRayVM.csproj", "{3649819A-6DB2-4D13-92D1-9AF8DCF1F6E6}"
EndProject
Project("{FAE04EC0-301F-11D3-BF4B-00C04F79EFBC}") = "Augmentrex.Plugins.SimpleTest", "Augmentrex.Plugins.SimpleTest\Augmentrex.Plugins.SimpleTest.csproj", "{394AFD4F-3461-4C52-AECC-01BFFAB961EF}"
EndProject
Global
	GlobalSection(SolutionConfigurationPlatforms) = preSolution
		Debug|x86 = Debug|x86
	EndGlobalSection
	GlobalSection(ProjectConfigurationPlatforms) = postSolution
		{6E5B1E1C-5C31-444F-906D-C1C04DB0CB5F}.Debug|x86.ActiveCfg = Debug|x86
		{6E5B1E1C-5C31-444F-906D-C1C04DB0CB5F}.Debug|x86.Build.0 = Debug|x86
		{0AC3B157-4389-4FDB-8778-F87E48C1C663}.Debug|x86.ActiveCfg = Debug|x86
		{0AC3B157-4389-4FDB-8778-F87E48C1C663}.Debug|x86.Build.0 = Debug|x86
		{3649819A-6DB2-4D13-92D1-9AF8DCF1F6E6}.Debug|x86.ActiveCfg = Debug|x86
		{3649819A-6DB2-4D13-92D1-9AF8DCF1F6E6}.Debug|x86.Build.0 = Debug|x86
		{394AFD4F-3461-4C52-AECC-01BFFAB961EF}.Debug|x86.ActiveCfg = Debug|x86
		{394AFD4F-3461-4C52-AECC-01BFFAB961EF}.Debug|x86.Build.0 = Debug|x86
	EndGlobalSection
	GlobalSection(SolutionProperties) = preSolution
		HideSolutionNode = FALSE
	EndGlobalSection
	GlobalSection(NestedProjects) = preSolution
		{047B8436-9292-466C-B8C3-A5B133A58A51} = {C02001A0-750D-4A8B-89A2-8765A3FCE7A6}
	EndGlobalSection
	GlobalSection(ExtensibilityGlobals) = postSolution
		SolutionGuid = {EFE5AB69-2C61-4A8E-888B-C5C8E75494AE}
	EndGlobalSection
EndGlobal
